
Microsoft Visual Studio Solution File, Format Version 12.00
# Visual Studio 15
VisualStudioVersion = 15.0.27004.2005
MinimumVisualStudioVersion = 10.0.40219.1
Project("{9A19103F-16F7-4668-BE54-9A1E7A4F7556}") = "ImgLib", "ImgLib\ImgLib.csproj", "{F61C3373-B9C7-4CF5-934A-7446C81778BC}"
EndProject
Project("{FAE04EC0-301F-11D3-BF4B-00C04F79EFBC}") = "ImgConsole", "ImgConsole\ImgConsole.csproj", "{C0FEE1C8-7F26-477A-9625-0DF1E3C450B9}"
	ProjectSection(ProjectDependencies) = postProject
		{F61C3373-B9C7-4CF5-934A-7446C81778BC} = {F61C3373-B9C7-4CF5-934A-7446C81778BC}
	EndProjectSection
EndProject
Global
	GlobalSection(SolutionConfigurationPlatforms) = preSolution
		Debug|Any CPU = Debug|Any CPU
		Release|Any CPU = Release|Any CPU
	EndGlobalSection
	GlobalSection(ProjectConfigurationPlatforms) = postSolution
		{F61C3373-B9C7-4CF5-934A-7446C81778BC}.Debug|Any CPU.ActiveCfg = Debug|Any CPU
		{F61C3373-B9C7-4CF5-934A-7446C81778BC}.Debug|Any CPU.Build.0 = Debug|Any CPU
		{F61C3373-B9C7-4CF5-934A-7446C81778BC}.Release|Any CPU.ActiveCfg = Release|Any CPU
		{F61C3373-B9C7-4CF5-934A-7446C81778BC}.Release|Any CPU.Build.0 = Release|Any CPU
		{C0FEE1C8-7F26-477A-9625-0DF1E3C450B9}.Debug|Any CPU.ActiveCfg = Debug|Any CPU
		{C0FEE1C8-7F26-477A-9625-0DF1E3C450B9}.Debug|Any CPU.Build.0 = Debug|Any CPU
		{C0FEE1C8-7F26-477A-9625-0DF1E3C450B9}.Release|Any CPU.ActiveCfg = Release|Any CPU
		{C0FEE1C8-7F26-477A-9625-0DF1E3C450B9}.Release|Any CPU.Build.0 = Release|Any CPU
	EndGlobalSection
	GlobalSection(SolutionProperties) = preSolution
		HideSolutionNode = FALSE
	EndGlobalSection
	GlobalSection(ExtensibilityGlobals) = postSolution
		SolutionGuid = {C7AD44CF-B01A-43A8-A723-0C0292D052A0}
	EndGlobalSection
EndGlobal
