
Microsoft Visual Studio Solution File, Format Version 12.00
# Visual Studio Version 16
VisualStudioVersion = 16.0.29326.143
MinimumVisualStudioVersion = 10.0.40219.1
Project("{FAE04EC0-301F-11D3-BF4B-00C04F79EFBC}") = "ImgLib", "ImgLib\ImgLib.csproj", "{073D3BFB-A484-43D9-ABD6-D0462CBF5E16}"
EndProject
Project("{FAE04EC0-301F-11D3-BF4B-00C04F79EFBC}") = "ImgConsole", "ImgConsole\ImgConsole.csproj", "{75DCAE89-8C78-44D6-9CCE-B219F0E42FA8}"
EndProject
Project("{FAE04EC0-301F-11D3-BF4B-00C04F79EFBC}") = "ImgLibTests", "ImgLibTests\ImgLibTests.csproj", "{CD0C3D2A-14F0-41F6-A64B-1DDD9460D73A}"
EndProject
Global
	GlobalSection(SolutionConfigurationPlatforms) = preSolution
		Debug|Any CPU = Debug|Any CPU
		Release|Any CPU = Release|Any CPU
	EndGlobalSection
	GlobalSection(ProjectConfigurationPlatforms) = postSolution
		{073D3BFB-A484-43D9-ABD6-D0462CBF5E16}.Debug|Any CPU.ActiveCfg = Debug|Any CPU
		{073D3BFB-A484-43D9-ABD6-D0462CBF5E16}.Debug|Any CPU.Build.0 = Debug|Any CPU
		{073D3BFB-A484-43D9-ABD6-D0462CBF5E16}.Release|Any CPU.ActiveCfg = Release|Any CPU
		{073D3BFB-A484-43D9-ABD6-D0462CBF5E16}.Release|Any CPU.Build.0 = Release|Any CPU
		{75DCAE89-8C78-44D6-9CCE-B219F0E42FA8}.Debug|Any CPU.ActiveCfg = Debug|Any CPU
		{75DCAE89-8C78-44D6-9CCE-B219F0E42FA8}.Debug|Any CPU.Build.0 = Debug|Any CPU
		{75DCAE89-8C78-44D6-9CCE-B219F0E42FA8}.Release|Any CPU.ActiveCfg = Release|Any CPU
		{75DCAE89-8C78-44D6-9CCE-B219F0E42FA8}.Release|Any CPU.Build.0 = Release|Any CPU
		{CD0C3D2A-14F0-41F6-A64B-1DDD9460D73A}.Debug|Any CPU.ActiveCfg = Debug|Any CPU
		{CD0C3D2A-14F0-41F6-A64B-1DDD9460D73A}.Debug|Any CPU.Build.0 = Debug|Any CPU
		{CD0C3D2A-14F0-41F6-A64B-1DDD9460D73A}.Release|Any CPU.ActiveCfg = Release|Any CPU
		{CD0C3D2A-14F0-41F6-A64B-1DDD9460D73A}.Release|Any CPU.Build.0 = Release|Any CPU
	EndGlobalSection
	GlobalSection(SolutionProperties) = preSolution
		HideSolutionNode = FALSE
	EndGlobalSection
	GlobalSection(ExtensibilityGlobals) = postSolution
		SolutionGuid = {C7AD44CF-B01A-43A8-A723-0C0292D052A0}
	EndGlobalSection
EndGlobal
